
Microsoft Visual Studio Solution File, Format Version 12.00
# Visual Studio 15
VisualStudioVersion = 15.0.28307.489
MinimumVisualStudioVersion = 10.0.40219.1
Project("{9A19103F-16F7-4668-BE54-9A1E7A4F7556}") = "RecipeSystem", "Recipe\RecipeSystem.csproj", "{3680DE9A-E25B-43E8-93D3-8DDE1B27601E}"
EndProject
Global
	GlobalSection(SolutionConfigurationPlatforms) = preSolution
		Debug|Any CPU = Debug|Any CPU
		Release|Any CPU = Release|Any CPU
	EndGlobalSection
	GlobalSection(ProjectConfigurationPlatforms) = postSolution
		{3680DE9A-E25B-43E8-93D3-8DDE1B27601E}.Debug|Any CPU.ActiveCfg = Debug|Any CPU
		{3680DE9A-E25B-43E8-93D3-8DDE1B27601E}.Debug|Any CPU.Build.0 = Debug|Any CPU
		{3680DE9A-E25B-43E8-93D3-8DDE1B27601E}.Release|Any CPU.ActiveCfg = Release|Any CPU
		{3680DE9A-E25B-43E8-93D3-8DDE1B27601E}.Release|Any CPU.Build.0 = Release|Any CPU
	EndGlobalSection
	GlobalSection(SolutionProperties) = preSolution
		HideSolutionNode = FALSE
	EndGlobalSection
	GlobalSection(ExtensibilityGlobals) = postSolution
		SolutionGuid = {3A8AECD3-5BB4-4F23-8878-074A66A6B71F}
	EndGlobalSection
EndGlobal
